
Microsoft Visual Studio Solution File, Format Version 12.00
# Visual Studio Version 17
VisualStudioVersion = 17.0.31903.59
MinimumVisualStudioVersion = 10.0.40219.1
Project("{2150E333-8FDC-42A3-9474-1A3956D46DE8}") = "iFX", "iFX", "{0AE080A0-6033-AFD8-AF81-D8288F43ED0E}"
EndProject
Project("{2150E333-8FDC-42A3-9474-1A3956D46DE8}") = "Utilities", "Utilities", "{78D6ACD9-431B-E3B5-6017-84FD4A7AF56B}"
EndProject
Project("{FAE04EC0-301F-11D3-BF4B-00C04F79EFBC}") = "ModelDebate.iFx.Utilities", "iFX\Utilities\ModelDebate.iFx.Utilities.csproj", "{B6A36CBE-05DD-4D39-9206-6395C0BC57B1}"
EndProject
Project("{2150E333-8FDC-42A3-9474-1A3956D46DE8}") = "Access", "Access", "{D08F8060-005F-B8FF-5DBB-A08C43C245A1}"
EndProject
Project("{2150E333-8FDC-42A3-9474-1A3956D46DE8}") = "Chat", "Chat", "{6AD221E9-FEA7-066E-E22C-B76904484122}"
EndProject
Project("{2150E333-8FDC-42A3-9474-1A3956D46DE8}") = "Interface", "Interface", "{5A53F0FC-4D48-23CC-60B2-B17474B59427}"
EndProject
Project("{FAE04EC0-301F-11D3-BF4B-00C04F79EFBC}") = "ModelDebate.Access.Chat.Interface", "Access\Chat\Interface\ModelDebate.Access.Chat.Interface.csproj", "{384FEE79-9D3F-4FCF-9756-D83A17FAC583}"
EndProject
Project("{2150E333-8FDC-42A3-9474-1A3956D46DE8}") = "Service.Claude", "Service.Claude", "{7A34E2FA-3276-3EDF-5F2A-9020F79BDBCE}"
EndProject
Project("{FAE04EC0-301F-11D3-BF4B-00C04F79EFBC}") = "ModelDebate.Access.Chat.Service.Claude", "Access\Chat\Service.Claude\ModelDebate.Access.Chat.Service.Claude.csproj", "{BCD4FDB0-47E0-4370-B740-DB81BE047EAA}"
EndProject
Project("{2150E333-8FDC-42A3-9474-1A3956D46DE8}") = "Service.OpenAI", "Service.OpenAI", "{5DE56712-320A-6A9D-1DCD-5EF96DAFDF57}"
EndProject
Project("{FAE04EC0-301F-11D3-BF4B-00C04F79EFBC}") = "ModelDebate.Access.Chat.Service.OpenAI", "Access\Chat\Service.OpenAI\ModelDebate.Access.Chat.Service.OpenAI.csproj", "{73C3C9A3-5F59-4F37-9D57-E49943AA7A1F}"
EndProject
Project("{2150E333-8FDC-42A3-9474-1A3956D46DE8}") = "Manager", "Manager", "{E023F327-27BA-B6D0-E082-B7782DED3E0E}"
EndProject
Project("{2150E333-8FDC-42A3-9474-1A3956D46DE8}") = "Debate", "Debate", "{5543737A-0C8C-F74B-629F-B974D25F80B2}"
EndProject
Project("{2150E333-8FDC-42A3-9474-1A3956D46DE8}") = "Interface", "Interface", "{D46889EA-8038-368B-8E43-5F4371D30909}"
EndProject
Project("{FAE04EC0-301F-11D3-BF4B-00C04F79EFBC}") = "ModelDebate.Manager.Debate.Interface", "Manager\Debate\Interface\ModelDebate.Manager.Debate.Interface.csproj", "{22668B5A-2D3E-4509-96E7-BDD0EA179CBB}"
EndProject
Project("{2150E333-8FDC-42A3-9474-1A3956D46DE8}") = "Service", "Service", "{5D89A9E6-E1A7-A999-8B7D-4EB262659981}"
EndProject
Project("{FAE04EC0-301F-11D3-BF4B-00C04F79EFBC}") = "ModelDebate.Manager.Debate.Service", "Manager\Debate\Service\ModelDebate.Manager.Debate.Service.csproj", "{43A69E4A-E185-443E-8851-D6F4EFBF3954}"
EndProject
Project("{2150E333-8FDC-42A3-9474-1A3956D46DE8}") = "Client", "Client", "{2CB42F12-E813-91B3-7D11-3220E40BEF4A}"
EndProject
Project("{2150E333-8FDC-42A3-9474-1A3956D46DE8}") = "Runner", "Runner", "{750B960E-B18C-CF03-5111-21F3CF53D99E}"
EndProject
Project("{FAE04EC0-301F-11D3-BF4B-00C04F79EFBC}") = "ModelDebate.Client.Runner", "Client\Runner\ModelDebate.Client.Runner.csproj", "{35EDC90A-6753-42E3-88B7-0E7FE00CC17D}"
EndProject
Project("{2150E333-8FDC-42A3-9474-1A3956D46DE8}") = "Test", "Test", "{0C88DD14-F956-CE84-757C-A364CCF449FC}"
EndProject
Project("{2150E333-8FDC-42A3-9474-1A3956D46DE8}") = "Unit", "Unit", "{05A4E2C6-34EB-452A-C515-50BACA389F66}"
EndProject
Project("{2150E333-8FDC-42A3-9474-1A3956D46DE8}") = "Access", "Access", "{6CAF9F7A-5830-DB69-F4E1-F8A4CFA3FE6F}"
EndProject
Project("{2150E333-8FDC-42A3-9474-1A3956D46DE8}") = "Chat", "Chat", "{66BEFEA3-EE70-8CF9-2880-52DA30151599}"
EndProject
Project("{FAE04EC0-301F-11D3-BF4B-00C04F79EFBC}") = "Test.Unit.Access.Chat", "Test\Unit\Access\Chat\Test.Unit.Access.Chat.csproj", "{B736F2E7-DBFE-4EEB-8B11-AA3B19C391D4}"
EndProject
Project("{2150E333-8FDC-42A3-9474-1A3956D46DE8}") = "Manager", "Manager", "{E60823AB-EDAE-304B-E184-811964385417}"
EndProject
Project("{2150E333-8FDC-42A3-9474-1A3956D46DE8}") = "Debate", "Debate", "{33265ED2-6435-9CF7-1236-B22D9CEA4884}"
EndProject
Project("{FAE04EC0-301F-11D3-BF4B-00C04F79EFBC}") = "Test.Unit.Manager.Debate", "Test\Unit\Manager\Debate\Test.Unit.Manager.Debate.csproj", "{12EED65B-DB3E-49DE-AAD8-C24EA5220222}"
EndProject
Project("{2150E333-8FDC-42A3-9474-1A3956D46DE8}") = "iFX", "iFX", "{E40ADB24-19D9-714A-F002-7843CC1BA790}"
EndProject
Project("{2150E333-8FDC-42A3-9474-1A3956D46DE8}") = "Utilities", "Utilities", "{7C900623-59A0-0B78-B4AC-04DC35AA986C}"
EndProject
Project("{FAE04EC0-301F-11D3-BF4B-00C04F79EFBC}") = "Test.Unit.iFX.Utilities", "Test\Unit\iFX\Utilities\Test.Unit.iFX.Utilities.csproj", "{74C2B6B8-BC3E-42CE-9404-564F21C0B727}"
EndProject
Project("{2150E333-8FDC-42A3-9474-1A3956D46DE8}") = "SolutionFiles", "SolutionFiles", "{75C0328F-D2FC-461D-AEAF-0D7D795BBB8A}"
	ProjectSection(SolutionItems) = preProject
		.gitignore = .gitignore
		Directory.Packages.props = Directory.Packages.props
		Directory.Build.props = Directory.Build.props
		global.json = global.json
		.editorconfig = .editorconfig
		.gitattributes = .gitattributes
		README.md = README.md
	EndProjectSection
EndProject
Project("{2150E333-8FDC-42A3-9474-1A3956D46DE8}") = "docs", "docs", "{4CF2DA0B-5876-455E-B619-9ABB49DF18FD}"
EndProject
Project("{2150E333-8FDC-42A3-9474-1A3956D46DE8}") = "plans", "plans", "{8A8A0572-4F7C-4F25-882C-B53781D5DF3C}"
	ProjectSection(SolutionItems) = preProject
		docs\plans\2026-04-26-model-debate-design.md = docs\plans\2026-04-26-model-debate-design.md
		docs\plans\2026-04-26-model-debate-phase1.md = docs\plans\2026-04-26-model-debate-phase1.md
		docs\plans\2026-04-26-model-debate-phase2.md = docs\plans\2026-04-26-model-debate-phase2.md
	EndProjectSection
EndProject
Global
	GlobalSection(SolutionConfigurationPlatforms) = preSolution
		Debug|x64 = Debug|x64
		Release|x64 = Release|x64
	EndGlobalSection
	GlobalSection(ProjectConfigurationPlatforms) = postSolution
		{B6A36CBE-05DD-4D39-9206-6395C0BC57B1}.Debug|x64.ActiveCfg = Debug|x64
		{B6A36CBE-05DD-4D39-9206-6395C0BC57B1}.Debug|x64.Build.0 = Debug|x64
		{B6A36CBE-05DD-4D39-9206-6395C0BC57B1}.Release|x64.ActiveCfg = Release|x64
		{B6A36CBE-05DD-4D39-9206-6395C0BC57B1}.Release|x64.Build.0 = Release|x64
		{384FEE79-9D3F-4FCF-9756-D83A17FAC583}.Debug|x64.ActiveCfg = Debug|x64
		{384FEE79-9D3F-4FCF-9756-D83A17FAC583}.Debug|x64.Build.0 = Debug|x64
		{384FEE79-9D3F-4FCF-9756-D83A17FAC583}.Release|x64.ActiveCfg = Release|x64
		{384FEE79-9D3F-4FCF-9756-D83A17FAC583}.Release|x64.Build.0 = Release|x64
		{BCD4FDB0-47E0-4370-B740-DB81BE047EAA}.Debug|x64.ActiveCfg = Debug|x64
		{BCD4FDB0-47E0-4370-B740-DB81BE047EAA}.Debug|x64.Build.0 = Debug|x64
		{BCD4FDB0-47E0-4370-B740-DB81BE047EAA}.Release|x64.ActiveCfg = Release|x64
		{BCD4FDB0-47E0-4370-B740-DB81BE047EAA}.Release|x64.Build.0 = Release|x64
		{73C3C9A3-5F59-4F37-9D57-E49943AA7A1F}.Debug|x64.ActiveCfg = Debug|x64
		{73C3C9A3-5F59-4F37-9D57-E49943AA7A1F}.Debug|x64.Build.0 = Debug|x64
		{73C3C9A3-5F59-4F37-9D57-E49943AA7A1F}.Release|x64.ActiveCfg = Release|x64
		{73C3C9A3-5F59-4F37-9D57-E49943AA7A1F}.Release|x64.Build.0 = Release|x64
		{22668B5A-2D3E-4509-96E7-BDD0EA179CBB}.Debug|x64.ActiveCfg = Debug|x64
		{22668B5A-2D3E-4509-96E7-BDD0EA179CBB}.Debug|x64.Build.0 = Debug|x64
		{22668B5A-2D3E-4509-96E7-BDD0EA179CBB}.Release|x64.ActiveCfg = Release|x64
		{22668B5A-2D3E-4509-96E7-BDD0EA179CBB}.Release|x64.Build.0 = Release|x64
		{43A69E4A-E185-443E-8851-D6F4EFBF3954}.Debug|x64.ActiveCfg = Debug|x64
		{43A69E4A-E185-443E-8851-D6F4EFBF3954}.Debug|x64.Build.0 = Debug|x64
		{43A69E4A-E185-443E-8851-D6F4EFBF3954}.Release|x64.ActiveCfg = Release|x64
		{43A69E4A-E185-443E-8851-D6F4EFBF3954}.Release|x64.Build.0 = Release|x64
		{35EDC90A-6753-42E3-88B7-0E7FE00CC17D}.Debug|x64.ActiveCfg = Debug|x64
		{35EDC90A-6753-42E3-88B7-0E7FE00CC17D}.Debug|x64.Build.0 = Debug|x64
		{35EDC90A-6753-42E3-88B7-0E7FE00CC17D}.Release|x64.ActiveCfg = Release|x64
		{35EDC90A-6753-42E3-88B7-0E7FE00CC17D}.Release|x64.Build.0 = Release|x64
		{B736F2E7-DBFE-4EEB-8B11-AA3B19C391D4}.Debug|x64.ActiveCfg = Debug|x64
		{B736F2E7-DBFE-4EEB-8B11-AA3B19C391D4}.Debug|x64.Build.0 = Debug|x64
		{B736F2E7-DBFE-4EEB-8B11-AA3B19C391D4}.Release|x64.ActiveCfg = Release|x64
		{B736F2E7-DBFE-4EEB-8B11-AA3B19C391D4}.Release|x64.Build.0 = Release|x64
		{12EED65B-DB3E-49DE-AAD8-C24EA5220222}.Debug|x64.ActiveCfg = Debug|x64
		{12EED65B-DB3E-49DE-AAD8-C24EA5220222}.Debug|x64.Build.0 = Debug|x64
		{12EED65B-DB3E-49DE-AAD8-C24EA5220222}.Release|x64.ActiveCfg = Release|x64
		{12EED65B-DB3E-49DE-AAD8-C24EA5220222}.Release|x64.Build.0 = Release|x64
		{74C2B6B8-BC3E-42CE-9404-564F21C0B727}.Debug|x64.ActiveCfg = Debug|x64
		{74C2B6B8-BC3E-42CE-9404-564F21C0B727}.Debug|x64.Build.0 = Debug|x64
		{74C2B6B8-BC3E-42CE-9404-564F21C0B727}.Release|x64.ActiveCfg = Release|x64
		{74C2B6B8-BC3E-42CE-9404-564F21C0B727}.Release|x64.Build.0 = Release|x64
	EndGlobalSection
	GlobalSection(SolutionProperties) = preSolution
		HideSolutionNode = FALSE
	EndGlobalSection
	GlobalSection(NestedProjects) = preSolution
		{78D6ACD9-431B-E3B5-6017-84FD4A7AF56B} = {0AE080A0-6033-AFD8-AF81-D8288F43ED0E}
		{B6A36CBE-05DD-4D39-9206-6395C0BC57B1} = {78D6ACD9-431B-E3B5-6017-84FD4A7AF56B}
		{6AD221E9-FEA7-066E-E22C-B76904484122} = {D08F8060-005F-B8FF-5DBB-A08C43C245A1}
		{5A53F0FC-4D48-23CC-60B2-B17474B59427} = {6AD221E9-FEA7-066E-E22C-B76904484122}
		{384FEE79-9D3F-4FCF-9756-D83A17FAC583} = {5A53F0FC-4D48-23CC-60B2-B17474B59427}
		{7A34E2FA-3276-3EDF-5F2A-9020F79BDBCE} = {6AD221E9-FEA7-066E-E22C-B76904484122}
		{BCD4FDB0-47E0-4370-B740-DB81BE047EAA} = {7A34E2FA-3276-3EDF-5F2A-9020F79BDBCE}
		{5DE56712-320A-6A9D-1DCD-5EF96DAFDF57} = {6AD221E9-FEA7-066E-E22C-B76904484122}
		{73C3C9A3-5F59-4F37-9D57-E49943AA7A1F} = {5DE56712-320A-6A9D-1DCD-5EF96DAFDF57}
		{5543737A-0C8C-F74B-629F-B974D25F80B2} = {E023F327-27BA-B6D0-E082-B7782DED3E0E}
		{D46889EA-8038-368B-8E43-5F4371D30909} = {5543737A-0C8C-F74B-629F-B974D25F80B2}
		{22668B5A-2D3E-4509-96E7-BDD0EA179CBB} = {D46889EA-8038-368B-8E43-5F4371D30909}
		{5D89A9E6-E1A7-A999-8B7D-4EB262659981} = {5543737A-0C8C-F74B-629F-B974D25F80B2}
		{43A69E4A-E185-443E-8851-D6F4EFBF3954} = {5D89A9E6-E1A7-A999-8B7D-4EB262659981}
		{750B960E-B18C-CF03-5111-21F3CF53D99E} = {2CB42F12-E813-91B3-7D11-3220E40BEF4A}
		{35EDC90A-6753-42E3-88B7-0E7FE00CC17D} = {750B960E-B18C-CF03-5111-21F3CF53D99E}
		{05A4E2C6-34EB-452A-C515-50BACA389F66} = {0C88DD14-F956-CE84-757C-A364CCF449FC}
		{6CAF9F7A-5830-DB69-F4E1-F8A4CFA3FE6F} = {05A4E2C6-34EB-452A-C515-50BACA389F66}
		{66BEFEA3-EE70-8CF9-2880-52DA30151599} = {6CAF9F7A-5830-DB69-F4E1-F8A4CFA3FE6F}
		{B736F2E7-DBFE-4EEB-8B11-AA3B19C391D4} = {66BEFEA3-EE70-8CF9-2880-52DA30151599}
		{E60823AB-EDAE-304B-E184-811964385417} = {05A4E2C6-34EB-452A-C515-50BACA389F66}
		{33265ED2-6435-9CF7-1236-B22D9CEA4884} = {E60823AB-EDAE-304B-E184-811964385417}
		{12EED65B-DB3E-49DE-AAD8-C24EA5220222} = {33265ED2-6435-9CF7-1236-B22D9CEA4884}
		{E40ADB24-19D9-714A-F002-7843CC1BA790} = {05A4E2C6-34EB-452A-C515-50BACA389F66}
		{7C900623-59A0-0B78-B4AC-04DC35AA986C} = {E40ADB24-19D9-714A-F002-7843CC1BA790}
		{74C2B6B8-BC3E-42CE-9404-564F21C0B727} = {7C900623-59A0-0B78-B4AC-04DC35AA986C}
		{8A8A0572-4F7C-4F25-882C-B53781D5DF3C} = {4CF2DA0B-5876-455E-B619-9ABB49DF18FD}
	EndGlobalSection
EndGlobal
